{
  "version": 4,
  "terraform_version": "1.5.7",
  "serial": 48,
  "lineage": "ecddcb08-8d12-ba6b-1143-c1a2ae51474e",
  "outputs": {},
  "resources": [
    {
      "module": "module.adf",
      "mode": "managed",
      "type": "azurerm_data_factory",
      "name": "this",
      "provider": "provider[\"registry.terraform.io/hashicorp/azurerm\"]",
      "instances": [
        {
          "schema_version": 2,
          "attributes": {
            "customer_managed_key_id": "",
            "customer_managed_key_identity_id": "",
            "github_configuration": [],
            "global_parameter": [],
            "id": "/subscriptions/b1a250e2-b191-45ee-adf8-40d1c9d99dbd/resourceGroups/rg-eus-dev-rg-eus-adfmpe/providers/Microsoft.DataFactory/factories/adf-eus-dev-mpetest-mdcdhaacewxqu",
            "identity": [],
            "location": "eastus",
            "managed_virtual_network_enabled": true,
            "name": "adf-eus-dev-mpetest-mdcdhaacewxqu",
            "public_network_enabled": true,
            "purview_id": "",
            "resource_group_name": "rg-eus-dev-rg-eus-adfmpe",
            "tags": null,
            "timeouts": null,
            "vsts_configuration": []
          },
          "sensitive_attributes": [],
          "private": "eyJlMmJmYjczMC1lY2FhLTExZTYtOGY4OC0zNDM2M2JjN2M0YzAiOnsiY3JlYXRlIjoxODAwMDAwMDAwMDAwLCJkZWxldGUiOjE4MDAwMDAwMDAwMDAsInJlYWQiOjMwMDAwMDAwMDAwMCwidXBkYXRlIjoxODAwMDAwMDAwMDAwfSwic2NoZW1hX3ZlcnNpb24iOiIyIn0=",
          "dependencies": [
            "module.adf.random_string.random_key_gen",
            "module.rg.azurerm_resource_group.this"
          ]
        }
      ]
    },
    {
      "module": "module.adf",
      "mode": "managed",
      "type": "azurerm_data_factory_managed_private_endpoint",
      "name": "example",
      "provider": "provider[\"registry.terraform.io/hashicorp/azurerm\"]",
      "instances": [
        {
          "schema_version": 0,
          "attributes": {
            "data_factory_id": "/subscriptions/b1a250e2-b191-45ee-adf8-40d1c9d99dbd/resourceGroups/rg-eus-dev-rg-eus-adfmpe/providers/Microsoft.DataFactory/factories/adf-eus-dev-mpetest-mdcdhaacewxqu",
            "fqdns": [],
            "id": "/subscriptions/b1a250e2-b191-45ee-adf8-40d1c9d99dbd/resourceGroups/rg-eus-dev-rg-eus-adfmpe/providers/Microsoft.DataFactory/factories/adf-eus-dev-mpetest-mdcdhaacewxqu/managedVirtualNetworks/default/managedPrivateEndpoints/mpe-sa-dev-mdcdhaacewxqu",
            "name": "mpe-sa-dev-mdcdhaacewxqu",
            "subresource_name": "blob",
            "target_resource_id": "/subscriptions/b1a250e2-b191-45ee-adf8-40d1c9d99dbd/resourceGroups/rg-eus-dev-rg-eus-adfmpe/providers/Microsoft.Storage/storageAccounts/saeusdevadfmpe",
            "timeouts": null
          },
          "sensitive_attributes": [],
          "private": "eyJlMmJmYjczMC1lY2FhLTExZTYtOGY4OC0zNDM2M2JjN2M0YzAiOnsiY3JlYXRlIjoxODAwMDAwMDAwMDAwLCJkZWxldGUiOjE4MDAwMDAwMDAwMDAsInJlYWQiOjMwMDAwMDAwMDAwMH19",
          "dependencies": [
            "module.adf.azurerm_data_factory.this",
            "module.adf.random_string.random_key_gen",
            "module.rg.azurerm_resource_group.this",
            "module.storageaccount.azurerm_storage_account.this"
          ]
        }
      ]
    },
    {
      "module": "module.adf",
      "mode": "managed",
      "type": "random_string",
      "name": "random_key_gen",
      "provider": "provider[\"registry.terraform.io/hashicorp/random\"]",
      "instances": [
        {
          "schema_version": 2,
          "attributes": {
            "id": "mdcdhaacewxqu",
            "keepers": null,
            "length": 13,
            "lower": true,
            "min_lower": 0,
            "min_numeric": 0,
            "min_special": 0,
            "min_upper": 0,
            "number": false,
            "numeric": false,
            "override_special": null,
            "result": "mdcdhaacewxqu",
            "special": false,
            "upper": false
          },
          "sensitive_attributes": [],
          "dependencies": [
            "module.rg.azurerm_resource_group.this"
          ]
        }
      ]
    },
    {
      "module": "module.rg",
      "mode": "managed",
      "type": "azurerm_resource_group",
      "name": "this",
      "provider": "provider[\"registry.terraform.io/hashicorp/azurerm\"]",
      "instances": [
        {
          "schema_version": 0,
          "attributes": {
            "id": "/subscriptions/b1a250e2-b191-45ee-adf8-40d1c9d99dbd/resourceGroups/rg-eus-dev-rg-eus-adfmpe",
            "location": "eastus",
            "managed_by": "",
            "name": "rg-eus-dev-rg-eus-adfmpe",
            "tags": null,
            "timeouts": null
          },
          "sensitive_attributes": [],
          "private": "eyJlMmJmYjczMC1lY2FhLTExZTYtOGY4OC0zNDM2M2JjN2M0YzAiOnsiY3JlYXRlIjo1NDAwMDAwMDAwMDAwLCJkZWxldGUiOjU0MDAwMDAwMDAwMDAsInJlYWQiOjMwMDAwMDAwMDAwMCwidXBkYXRlIjo1NDAwMDAwMDAwMDAwfX0="
        }
      ]
    },
    {
      "module": "module.storageaccount",
      "mode": "managed",
      "type": "azurerm_storage_account",
      "name": "this",
      "provider": "provider[\"registry.terraform.io/hashicorp/azurerm\"]",
      "instances": [
        {
          "schema_version": 4,
          "attributes": {
            "access_tier": "Hot",
            "account_kind": "StorageV2",
            "account_replication_type": "LRS",
            "account_tier": "Standard",
            "allow_nested_items_to_be_public": true,
            "allowed_copy_scope": "",
            "azure_files_authentication": [],
            "blob_properties": [
              {
                "change_feed_enabled": false,
                "change_feed_retention_in_days": 0,
                "container_delete_retention_policy": [],
                "cors_rule": [],
                "default_service_version": "",
                "delete_retention_policy": [],
                "last_access_time_enabled": false,
                "restore_policy": [],
                "versioning_enabled": false
              }
            ],
            "cross_tenant_replication_enabled": true,
            "custom_domain": [],
            "customer_managed_key": [],
            "default_to_oauth_authentication": false,
            "edge_zone": "",
            "enable_https_traffic_only": true,
            "id": "/subscriptions/b1a250e2-b191-45ee-adf8-40d1c9d99dbd/resourceGroups/rg-eus-dev-rg-eus-adfmpe/providers/Microsoft.Storage/storageAccounts/saeusdevadfmpe",
            "identity": [],
            "immutability_policy": [],
            "infrastructure_encryption_enabled": false,
            "is_hns_enabled": false,
            "large_file_share_enabled": null,
            "location": "eastus",
            "min_tls_version": "TLS1_2",
            "name": "saeusdevadfmpe",
            "network_rules": [
              {
                "bypass": [
                  "AzureServices"
                ],
                "default_action": "Allow",
                "ip_rules": [],
                "private_link_access": [],
                "virtual_network_subnet_ids": []
              }
            ],
            "nfsv3_enabled": false,
            "primary_access_key": "D4QDAe5iTkys/ai6aST4MrYsRsps5WIAweIHUZOXf0sn7mo3rSkQgMK4cJYGC8q5qH5xRfgv/Vj0+AStMEDVtg==",
            "primary_blob_connection_string": "DefaultEndpointsProtocol=https;BlobEndpoint=https://saeusdevadfmpe.blob.core.windows.net/;AccountName=saeusdevadfmpe;AccountKey=D4QDAe5iTkys/ai6aST4MrYsRsps5WIAweIHUZOXf0sn7mo3rSkQgMK4cJYGC8q5qH5xRfgv/Vj0+AStMEDVtg==",
            "primary_blob_endpoint": "https://saeusdevadfmpe.blob.core.windows.net/",
            "primary_blob_host": "saeusdevadfmpe.blob.core.windows.net",
            "primary_connection_string": "DefaultEndpointsProtocol=https;AccountName=saeusdevadfmpe;AccountKey=D4QDAe5iTkys/ai6aST4MrYsRsps5WIAweIHUZOXf0sn7mo3rSkQgMK4cJYGC8q5qH5xRfgv/Vj0+AStMEDVtg==;EndpointSuffix=core.windows.net",
            "primary_dfs_endpoint": "https://saeusdevadfmpe.dfs.core.windows.net/",
            "primary_dfs_host": "saeusdevadfmpe.dfs.core.windows.net",
            "primary_file_endpoint": "https://saeusdevadfmpe.file.core.windows.net/",
            "primary_file_host": "saeusdevadfmpe.file.core.windows.net",
            "primary_location": "eastus",
            "primary_queue_endpoint": "https://saeusdevadfmpe.queue.core.windows.net/",
            "primary_queue_host": "saeusdevadfmpe.queue.core.windows.net",
            "primary_table_endpoint": "https://saeusdevadfmpe.table.core.windows.net/",
            "primary_table_host": "saeusdevadfmpe.table.core.windows.net",
            "primary_web_endpoint": "https://saeusdevadfmpe.z13.web.core.windows.net/",
            "primary_web_host": "saeusdevadfmpe.z13.web.core.windows.net",
            "public_network_access_enabled": true,
            "queue_encryption_key_type": "Service",
            "queue_properties": [
              {
                "cors_rule": [],
                "hour_metrics": [
                  {
                    "enabled": true,
                    "include_apis": true,
                    "retention_policy_days": 7,
                    "version": "1.0"
                  }
                ],
                "logging": [
                  {
                    "delete": false,
                    "read": false,
                    "retention_policy_days": 0,
                    "version": "1.0",
                    "write": false
                  }
                ],
                "minute_metrics": [
                  {
                    "enabled": false,
                    "include_apis": false,
                    "retention_policy_days": 0,
                    "version": "1.0"
                  }
                ]
              }
            ],
            "resource_group_name": "rg-eus-dev-rg-eus-adfmpe",
            "routing": [],
            "sas_policy": [],
            "secondary_access_key": "GrnLzv/NNugmtHo8B3QqAzLLPHnWvwjDLz87e/LMBwZ/mxIEr7yCc+2f7pw3KxApU8w5zwBL73Qz+AStWzaadw==",
            "secondary_blob_connection_string": "",
            "secondary_blob_endpoint": null,
            "secondary_blob_host": null,
            "secondary_connection_string": "DefaultEndpointsProtocol=https;AccountName=saeusdevadfmpe;AccountKey=GrnLzv/NNugmtHo8B3QqAzLLPHnWvwjDLz87e/LMBwZ/mxIEr7yCc+2f7pw3KxApU8w5zwBL73Qz+AStWzaadw==;EndpointSuffix=core.windows.net",
            "secondary_dfs_endpoint": null,
            "secondary_dfs_host": null,
            "secondary_file_endpoint": null,
            "secondary_file_host": null,
            "secondary_location": "",
            "secondary_queue_endpoint": null,
            "secondary_queue_host": null,
            "secondary_table_endpoint": null,
            "secondary_table_host": null,
            "secondary_web_endpoint": null,
            "secondary_web_host": null,
            "sftp_enabled": false,
            "share_properties": [
              {
                "cors_rule": [],
                "retention_policy": [
                  {
                    "days": 7
                  }
                ],
                "smb": []
              }
            ],
            "shared_access_key_enabled": true,
            "static_website": [],
            "table_encryption_key_type": "Service",
            "tags": null,
            "timeouts": null
          },
          "sensitive_attributes": [],
          "private": "eyJlMmJmYjczMC1lY2FhLTExZTYtOGY4OC0zNDM2M2JjN2M0YzAiOnsiY3JlYXRlIjozNjAwMDAwMDAwMDAwLCJkZWxldGUiOjM2MDAwMDAwMDAwMDAsInJlYWQiOjMwMDAwMDAwMDAwMCwidXBkYXRlIjozNjAwMDAwMDAwMDAwfSwic2NoZW1hX3ZlcnNpb24iOiI0In0=",
          "dependencies": [
            "module.rg.azurerm_resource_group.this"
          ]
        }
      ]
    },
    {
      "module": "module.storageaccount",
      "mode": "managed",
      "type": "azurerm_storage_container",
      "name": "script_container",
      "provider": "provider[\"registry.terraform.io/hashicorp/azurerm\"]",
      "instances": [
        {
          "schema_version": 1,
          "attributes": {
            "container_access_type": "blob",
            "has_immutability_policy": false,
            "has_legal_hold": false,
            "id": "https://saeusdevadfmpe.blob.core.windows.net/shirscripts",
            "metadata": {},
            "name": "shirscripts",
            "resource_manager_id": "/subscriptions/b1a250e2-b191-45ee-adf8-40d1c9d99dbd/resourceGroups/rg-eus-dev-rg-eus-adfmpe/providers/Microsoft.Storage/storageAccounts/saeusdevadfmpe/blobServices/default/containers/shirscripts",
            "storage_account_name": "saeusdevadfmpe",
            "timeouts": null
          },
          "sensitive_attributes": [],
          "private": "eyJlMmJmYjczMC1lY2FhLTExZTYtOGY4OC0zNDM2M2JjN2M0YzAiOnsiY3JlYXRlIjoxODAwMDAwMDAwMDAwLCJkZWxldGUiOjE4MDAwMDAwMDAwMDAsInJlYWQiOjMwMDAwMDAwMDAwMCwidXBkYXRlIjoxODAwMDAwMDAwMDAwfSwic2NoZW1hX3ZlcnNpb24iOiIxIn0=",
          "dependencies": [
            "module.rg.azurerm_resource_group.this",
            "module.storageaccount.azurerm_storage_account.this"
          ]
        }
      ]
    },
    {
      "module": "module.storageaccount",
      "mode": "managed",
      "type": "random_string",
      "name": "random_key_gen",
      "provider": "provider[\"registry.terraform.io/hashicorp/random\"]",
      "instances": [
        {
          "schema_version": 2,
          "attributes": {
            "id": "ostpuojimdikx",
            "keepers": null,
            "length": 13,
            "lower": true,
            "min_lower": 0,
            "min_numeric": 0,
            "min_special": 0,
            "min_upper": 0,
            "number": false,
            "numeric": false,
            "override_special": null,
            "result": "ostpuojimdikx",
            "special": false,
            "upper": false
          },
          "sensitive_attributes": [],
          "dependencies": [
            "module.rg.azurerm_resource_group.this"
          ]
        }
      ]
    }
  ],
  "check_results": null
}
